
Microsoft Visual Studio Solution File, Format Version 12.00
# Visual Studio Version 16
VisualStudioVersion = 16.0.29519.181
MinimumVisualStudioVersion = 10.0.40219.1
Project("{9A19103F-16F7-4668-BE54-9A1E7A4F7556}") = "CompositeKeyGen", "CompositeKeyGen\CompositeKeyGen.csproj", "{82B22884-1616-4B02-A6FC-53C4586CBCCD}"
EndProject
Project("{9A19103F-16F7-4668-BE54-9A1E7A4F7556}") = "CompositeKeyGen.Example", "CompositeKeyGen.Example\CompositeKeyGen.Example.csproj", "{91415CEA-4987-492D-9665-2D4486A733F7}"
EndProject
Project("{2150E333-8FDC-42A3-9474-1A3956D46DE8}") = "Solution Items", "Solution Items", "{3429565C-E314-4CA5-9669-62496A31A3DF}"
	ProjectSection(SolutionItems) = preProject
		..\README.md = ..\README.md
	EndProjectSection
EndProject
Global
	GlobalSection(SolutionConfigurationPlatforms) = preSolution
		Debug|Any CPU = Debug|Any CPU
		Release|Any CPU = Release|Any CPU
	EndGlobalSection
	GlobalSection(ProjectConfigurationPlatforms) = postSolution
		{82B22884-1616-4B02-A6FC-53C4586CBCCD}.Debug|Any CPU.ActiveCfg = Debug|Any CPU
		{82B22884-1616-4B02-A6FC-53C4586CBCCD}.Debug|Any CPU.Build.0 = Debug|Any CPU
		{82B22884-1616-4B02-A6FC-53C4586CBCCD}.Release|Any CPU.ActiveCfg = Release|Any CPU
		{82B22884-1616-4B02-A6FC-53C4586CBCCD}.Release|Any CPU.Build.0 = Release|Any CPU
		{91415CEA-4987-492D-9665-2D4486A733F7}.Debug|Any CPU.ActiveCfg = Debug|Any CPU
		{91415CEA-4987-492D-9665-2D4486A733F7}.Debug|Any CPU.Build.0 = Debug|Any CPU
		{91415CEA-4987-492D-9665-2D4486A733F7}.Release|Any CPU.ActiveCfg = Release|Any CPU
		{91415CEA-4987-492D-9665-2D4486A733F7}.Release|Any CPU.Build.0 = Release|Any CPU
	EndGlobalSection
	GlobalSection(SolutionProperties) = preSolution
		HideSolutionNode = FALSE
	EndGlobalSection
	GlobalSection(ExtensibilityGlobals) = postSolution
		SolutionGuid = {38E12E10-8917-4893-9C8D-80D53FEF623A}
	EndGlobalSection
EndGlobal
